<?xml version="1.0" encoding="utf-8"?>
<Project ToolsVersion="4.0" xmlns="http://schemas.microsoft.com/developer/msbuild/2003">
  <ItemGroup>
    <Filter Include="Source Files">
      <UniqueIdentifier>{4FC737F1-C7A5-4376-A066-2A32D752A2FF}</UniqueIdentifier>
      <Extensions>cpp;c;cc;cxx;def;odl;idl;hpj;bat;asm;asmx</Extensions>
    </Filter>
    <Filter Include="Header Files">
      <UniqueIdentifier>{93995380-89BD-4b04-88EB-625FBE52EBFB}</UniqueIdentifier>
      <Extensions>h;hh;hpp;hxx;hm;inl;inc;xsd</Extensions>
    </Filter>
    <Filter Include="Resource Files">
      <UniqueIdentifier>{67DA6AB6-F800-4c08-8B7A-83BB121AAD01}</UniqueIdentifier>
      <Extensions>rc;ico;cur;bmp;dlg;rc2;rct;bin;rgs;gif;jpg;jpeg;jpe;resx;tiff;tif;png;wav;mfcribbon-ms</Extensions>
    </Filter>
  </ItemGroup>
  <ItemGroup>
    <None Include="irext_firmware.ino" />
  </ItemGroup>
  <ItemGroup>
    <ClInclude Include="__vm\.irext_firmware.vsarduino.h">
      <Filter>Header Files</Filter>
    </ClInclude>
    <ClInclude Include="resource2.h">
      <Filter>Header Files</Filter>
    </ClInclude>
    <ClInclude Include="include\ir_ac_apply.h">
      <Filter>Header Files</Filter>
    </ClInclude>
    <ClInclude Include="include\ir_ac_binary_parse.h">
      <Filter>Header Files</Filter>
    </ClInclude>
    <ClInclude Include="include\ir_ac_build_frame.h">
      <Filter>Header Files</Filter>
    </ClInclude>
    <ClInclude Include="include\ir_ac_control.h">
      <Filter>Header Files</Filter>
    </ClInclude>
    <ClInclude Include="include\ir_ac_parse_forbidden_info.h">
      <Filter>Header Files</Filter>
    </ClInclude>
    <ClInclude Include="include\ir_ac_parse_frame_info.h">
      <Filter>Header Files</Filter>
    </ClInclude>
    <ClInclude Include="include\ir_ac_parse_parameter.h">
      <Filter>Header Files</Filter>
    </ClInclude>
    <ClInclude Include="include\ir_decode.h">
      <Filter>Header Files</Filter>
    </ClInclude>
    <ClInclude Include="include\ir_defs.h">
      <Filter>Header Files</Filter>
    </ClInclude>
    <ClInclude Include="include\ir_tv_control.h">
      <Filter>Header Files</Filter>
    </ClInclude>
    <ClInclude Include="include\ir_utils.h">
      <Filter>Header Files</Filter>
    </ClInclude>
  </ItemGroup>
  <ItemGroup>
    <ResourceCompile Include="irext_firmware2.rc">
      <Filter>Resource Files</Filter>
    </ResourceCompile>
  </ItemGroup>
  <ItemGroup>
    <ClCompile Include="src\ir_ac_apply.c">
      <Filter>Source Files</Filter>
    </ClCompile>
    <ClCompile Include="src\ir_ac_binary_parse.c">
      <Filter>Source Files</Filter>
    </ClCompile>
    <ClCompile Include="src\ir_ac_build_frame.c">
      <Filter>Source Files</Filter>
    </ClCompile>
    <ClCompile Include="src\ir_ac_control.c">
      <Filter>Source Files</Filter>
    </ClCompile>
    <ClCompile Include="src\ir_ac_parse_forbidden_info.c">
      <Filter>Source Files</Filter>
    </ClCompile>
    <ClCompile Include="src\ir_ac_parse_frame_info.c">
      <Filter>Source Files</Filter>
    </ClCompile>
    <ClCompile Include="src\ir_ac_parse_parameter.c">
      <Filter>Source Files</Filter>
    </ClCompile>
    <ClCompile Include="src\ir_decode.c">
      <Filter>Source Files</Filter>
    </ClCompile>
    <ClCompile Include="src\ir_test_main.c">
      <Filter>Source Files</Filter>
    </ClCompile>
    <ClCompile Include="src\ir_tv_control.c">
      <Filter>Source Files</Filter>
    </ClCompile>
    <ClCompile Include="src\ir_utils.c">
      <Filter>Source Files</Filter>
    </ClCompile>
  </ItemGroup>
</Project>